
Microsoft Visual Studio Solution File, Format Version 12.00
# Visual Studio 15
VisualStudioVersion = 15.0.27004.2005
MinimumVisualStudioVersion = 10.0.40219.1
Project("{9A19103F-16F7-4668-BE54-9A1E7A4F7556}") = "OnlineTest", "ONLINETEST\OnlineTest.csproj", "{96D7CDC0-4D7E-452E-B93B-39F8B29525ED}"
EndProject
Project("{9A19103F-16F7-4668-BE54-9A1E7A4F7556}") = "OnlineTest_Entity", "ONLINETEST_ENTITY\OnlineTest_Entity.csproj", "{09EC031E-5CE2-4CCD-950D-8850F3C0792E}"
EndProject
Project("{9A19103F-16F7-4668-BE54-9A1E7A4F7556}") = "OnlineTest_Core", "ONLINETEST_CORE\OnlineTest_Core.csproj", "{1329D5EE-1D22-437E-8922-EF6FDE8BFEC5}"
EndProject
Project("{FAE04EC0-301F-11D3-BF4B-00C04F79EFBC}") = "OnlineTest_Application", "OnlineTest_Application\OnlineTest_Application.csproj", "{965D3B39-6CFA-4835-92CE-44F7985600BC}"
EndProject
Global
	GlobalSection(SolutionConfigurationPlatforms) = preSolution
		Debug|Any CPU = Debug|Any CPU
		Release|Any CPU = Release|Any CPU
	EndGlobalSection
	GlobalSection(ProjectConfigurationPlatforms) = postSolution
		{96D7CDC0-4D7E-452E-B93B-39F8B29525ED}.Debug|Any CPU.ActiveCfg = Debug|Any CPU
		{96D7CDC0-4D7E-452E-B93B-39F8B29525ED}.Debug|Any CPU.Build.0 = Debug|Any CPU
		{96D7CDC0-4D7E-452E-B93B-39F8B29525ED}.Release|Any CPU.ActiveCfg = Release|Any CPU
		{96D7CDC0-4D7E-452E-B93B-39F8B29525ED}.Release|Any CPU.Build.0 = Release|Any CPU
		{09EC031E-5CE2-4CCD-950D-8850F3C0792E}.Debug|Any CPU.ActiveCfg = Debug|Any CPU
		{09EC031E-5CE2-4CCD-950D-8850F3C0792E}.Debug|Any CPU.Build.0 = Debug|Any CPU
		{09EC031E-5CE2-4CCD-950D-8850F3C0792E}.Release|Any CPU.ActiveCfg = Release|Any CPU
		{09EC031E-5CE2-4CCD-950D-8850F3C0792E}.Release|Any CPU.Build.0 = Release|Any CPU
		{1329D5EE-1D22-437E-8922-EF6FDE8BFEC5}.Debug|Any CPU.ActiveCfg = Debug|Any CPU
		{1329D5EE-1D22-437E-8922-EF6FDE8BFEC5}.Debug|Any CPU.Build.0 = Debug|Any CPU
		{1329D5EE-1D22-437E-8922-EF6FDE8BFEC5}.Release|Any CPU.ActiveCfg = Release|Any CPU
		{1329D5EE-1D22-437E-8922-EF6FDE8BFEC5}.Release|Any CPU.Build.0 = Release|Any CPU
		{965D3B39-6CFA-4835-92CE-44F7985600BC}.Debug|Any CPU.ActiveCfg = Debug|Any CPU
		{965D3B39-6CFA-4835-92CE-44F7985600BC}.Debug|Any CPU.Build.0 = Debug|Any CPU
		{965D3B39-6CFA-4835-92CE-44F7985600BC}.Release|Any CPU.ActiveCfg = Release|Any CPU
		{965D3B39-6CFA-4835-92CE-44F7985600BC}.Release|Any CPU.Build.0 = Release|Any CPU
	EndGlobalSection
	GlobalSection(SolutionProperties) = preSolution
		HideSolutionNode = FALSE
	EndGlobalSection
	GlobalSection(ExtensibilityGlobals) = postSolution
		SolutionGuid = {5A487F09-B9F9-45A7-8B15-F2DDC8410044}
	EndGlobalSection
EndGlobal
